
Microsoft Visual Studio Solution File, Format Version 12.00
# Visual Studio 14
VisualStudioVersion = 14.0.25420.1
MinimumVisualStudioVersion = 10.0.40219.1
Project("{F2A71F9B-5D33-465A-A702-920D77279786}") = "ProcessingGame", "ProcessingGame\ProcessingGame.fsproj", "{C3F8BB24-6B9B-47DE-BC4B-9577E4777535}"
EndProject
Project("{F2A71F9B-5D33-465A-A702-920D77279786}") = "ProcessingGameConsole", "ProcessingGameConsole\ProcessingGameConsole.fsproj", "{D1512EE5-E7C4-47E6-A4F0-7726838A29A8}"
EndProject
Global
	GlobalSection(SolutionConfigurationPlatforms) = preSolution
		Ad-Hoc|Any CPU = Ad-Hoc|Any CPU
		Ad-Hoc|ARM = Ad-Hoc|ARM
		Ad-Hoc|iPhone = Ad-Hoc|iPhone
		Ad-Hoc|iPhoneSimulator = Ad-Hoc|iPhoneSimulator
		Ad-Hoc|x64 = Ad-Hoc|x64
		Ad-Hoc|x86 = Ad-Hoc|x86
		AppStore|Any CPU = AppStore|Any CPU
		AppStore|ARM = AppStore|ARM
		AppStore|iPhone = AppStore|iPhone
		AppStore|iPhoneSimulator = AppStore|iPhoneSimulator
		AppStore|x64 = AppStore|x64
		AppStore|x86 = AppStore|x86
		Debug|Any CPU = Debug|Any CPU
		Debug|ARM = Debug|ARM
		Debug|iPhone = Debug|iPhone
		Debug|iPhoneSimulator = Debug|iPhoneSimulator
		Debug|x64 = Debug|x64
		Debug|x86 = Debug|x86
		Release|Any CPU = Release|Any CPU
		Release|ARM = Release|ARM
		Release|iPhone = Release|iPhone
		Release|iPhoneSimulator = Release|iPhoneSimulator
		Release|x64 = Release|x64
		Release|x86 = Release|x86
	EndGlobalSection
	GlobalSection(ProjectConfigurationPlatforms) = postSolution
		{C3F8BB24-6B9B-47DE-BC4B-9577E4777535}.Ad-Hoc|Any CPU.ActiveCfg = Release|Any CPU
		{C3F8BB24-6B9B-47DE-BC4B-9577E4777535}.Ad-Hoc|Any CPU.Build.0 = Release|Any CPU
		{C3F8BB24-6B9B-47DE-BC4B-9577E4777535}.Ad-Hoc|ARM.ActiveCfg = Release|Any CPU
		{C3F8BB24-6B9B-47DE-BC4B-9577E4777535}.Ad-Hoc|ARM.Build.0 = Release|Any CPU
		{C3F8BB24-6B9B-47DE-BC4B-9577E4777535}.Ad-Hoc|iPhone.ActiveCfg = Release|Any CPU
		{C3F8BB24-6B9B-47DE-BC4B-9577E4777535}.Ad-Hoc|iPhone.Build.0 = Release|Any CPU
		{C3F8BB24-6B9B-47DE-BC4B-9577E4777535}.Ad-Hoc|iPhoneSimulator.ActiveCfg = Release|Any CPU
		{C3F8BB24-6B9B-47DE-BC4B-9577E4777535}.Ad-Hoc|iPhoneSimulator.Build.0 = Release|Any CPU
		{C3F8BB24-6B9B-47DE-BC4B-9577E4777535}.Ad-Hoc|x64.ActiveCfg = Release|Any CPU
		{C3F8BB24-6B9B-47DE-BC4B-9577E4777535}.Ad-Hoc|x64.Build.0 = Release|Any CPU
		{C3F8BB24-6B9B-47DE-BC4B-9577E4777535}.Ad-Hoc|x86.ActiveCfg = Release|Any CPU
		{C3F8BB24-6B9B-47DE-BC4B-9577E4777535}.Ad-Hoc|x86.Build.0 = Release|Any CPU
		{C3F8BB24-6B9B-47DE-BC4B-9577E4777535}.AppStore|Any CPU.ActiveCfg = Release|Any CPU
		{C3F8BB24-6B9B-47DE-BC4B-9577E4777535}.AppStore|Any CPU.Build.0 = Release|Any CPU
		{C3F8BB24-6B9B-47DE-BC4B-9577E4777535}.AppStore|ARM.ActiveCfg = Release|Any CPU
		{C3F8BB24-6B9B-47DE-BC4B-9577E4777535}.AppStore|ARM.Build.0 = Release|Any CPU
		{C3F8BB24-6B9B-47DE-BC4B-9577E4777535}.AppStore|iPhone.ActiveCfg = Release|Any CPU
		{C3F8BB24-6B9B-47DE-BC4B-9577E4777535}.AppStore|iPhone.Build.0 = Release|Any CPU
		{C3F8BB24-6B9B-47DE-BC4B-9577E4777535}.AppStore|iPhoneSimulator.ActiveCfg = Release|Any CPU
		{C3F8BB24-6B9B-47DE-BC4B-9577E4777535}.AppStore|iPhoneSimulator.Build.0 = Release|Any CPU
		{C3F8BB24-6B9B-47DE-BC4B-9577E4777535}.AppStore|x64.ActiveCfg = Release|Any CPU
		{C3F8BB24-6B9B-47DE-BC4B-9577E4777535}.AppStore|x64.Build.0 = Release|Any CPU
		{C3F8BB24-6B9B-47DE-BC4B-9577E4777535}.AppStore|x86.ActiveCfg = Release|Any CPU
		{C3F8BB24-6B9B-47DE-BC4B-9577E4777535}.AppStore|x86.Build.0 = Release|Any CPU
		{C3F8BB24-6B9B-47DE-BC4B-9577E4777535}.Debug|Any CPU.ActiveCfg = Debug|Any CPU
		{C3F8BB24-6B9B-47DE-BC4B-9577E4777535}.Debug|Any CPU.Build.0 = Debug|Any CPU
		{C3F8BB24-6B9B-47DE-BC4B-9577E4777535}.Debug|ARM.ActiveCfg = Debug|Any CPU
		{C3F8BB24-6B9B-47DE-BC4B-9577E4777535}.Debug|ARM.Build.0 = Debug|Any CPU
		{C3F8BB24-6B9B-47DE-BC4B-9577E4777535}.Debug|iPhone.ActiveCfg = Debug|Any CPU
		{C3F8BB24-6B9B-47DE-BC4B-9577E4777535}.Debug|iPhone.Build.0 = Debug|Any CPU
		{C3F8BB24-6B9B-47DE-BC4B-9577E4777535}.Debug|iPhoneSimulator.ActiveCfg = Debug|Any CPU
		{C3F8BB24-6B9B-47DE-BC4B-9577E4777535}.Debug|iPhoneSimulator.Build.0 = Debug|Any CPU
		{C3F8BB24-6B9B-47DE-BC4B-9577E4777535}.Debug|x64.ActiveCfg = Debug|Any CPU
		{C3F8BB24-6B9B-47DE-BC4B-9577E4777535}.Debug|x64.Build.0 = Debug|Any CPU
		{C3F8BB24-6B9B-47DE-BC4B-9577E4777535}.Debug|x86.ActiveCfg = Debug|Any CPU
		{C3F8BB24-6B9B-47DE-BC4B-9577E4777535}.Debug|x86.Build.0 = Debug|Any CPU
		{C3F8BB24-6B9B-47DE-BC4B-9577E4777535}.Release|Any CPU.ActiveCfg = Release|Any CPU
		{C3F8BB24-6B9B-47DE-BC4B-9577E4777535}.Release|Any CPU.Build.0 = Release|Any CPU
		{C3F8BB24-6B9B-47DE-BC4B-9577E4777535}.Release|ARM.ActiveCfg = Release|Any CPU
		{C3F8BB24-6B9B-47DE-BC4B-9577E4777535}.Release|ARM.Build.0 = Release|Any CPU
		{C3F8BB24-6B9B-47DE-BC4B-9577E4777535}.Release|iPhone.ActiveCfg = Release|Any CPU
		{C3F8BB24-6B9B-47DE-BC4B-9577E4777535}.Release|iPhone.Build.0 = Release|Any CPU
		{C3F8BB24-6B9B-47DE-BC4B-9577E4777535}.Release|iPhoneSimulator.ActiveCfg = Release|Any CPU
		{C3F8BB24-6B9B-47DE-BC4B-9577E4777535}.Release|iPhoneSimulator.Build.0 = Release|Any CPU
		{C3F8BB24-6B9B-47DE-BC4B-9577E4777535}.Release|x64.ActiveCfg = Release|Any CPU
		{C3F8BB24-6B9B-47DE-BC4B-9577E4777535}.Release|x64.Build.0 = Release|Any CPU
		{C3F8BB24-6B9B-47DE-BC4B-9577E4777535}.Release|x86.ActiveCfg = Release|Any CPU
		{C3F8BB24-6B9B-47DE-BC4B-9577E4777535}.Release|x86.Build.0 = Release|Any CPU
		{D1512EE5-E7C4-47E6-A4F0-7726838A29A8}.Ad-Hoc|Any CPU.ActiveCfg = Release|Any CPU
		{D1512EE5-E7C4-47E6-A4F0-7726838A29A8}.Ad-Hoc|Any CPU.Build.0 = Release|Any CPU
		{D1512EE5-E7C4-47E6-A4F0-7726838A29A8}.Ad-Hoc|ARM.ActiveCfg = Release|Any CPU
		{D1512EE5-E7C4-47E6-A4F0-7726838A29A8}.Ad-Hoc|ARM.Build.0 = Release|Any CPU
		{D1512EE5-E7C4-47E6-A4F0-7726838A29A8}.Ad-Hoc|iPhone.ActiveCfg = Release|Any CPU
		{D1512EE5-E7C4-47E6-A4F0-7726838A29A8}.Ad-Hoc|iPhone.Build.0 = Release|Any CPU
		{D1512EE5-E7C4-47E6-A4F0-7726838A29A8}.Ad-Hoc|iPhoneSimulator.ActiveCfg = Release|Any CPU
		{D1512EE5-E7C4-47E6-A4F0-7726838A29A8}.Ad-Hoc|iPhoneSimulator.Build.0 = Release|Any CPU
		{D1512EE5-E7C4-47E6-A4F0-7726838A29A8}.Ad-Hoc|x64.ActiveCfg = Release|Any CPU
		{D1512EE5-E7C4-47E6-A4F0-7726838A29A8}.Ad-Hoc|x64.Build.0 = Release|Any CPU
		{D1512EE5-E7C4-47E6-A4F0-7726838A29A8}.Ad-Hoc|x86.ActiveCfg = Release|Any CPU
		{D1512EE5-E7C4-47E6-A4F0-7726838A29A8}.Ad-Hoc|x86.Build.0 = Release|Any CPU
		{D1512EE5-E7C4-47E6-A4F0-7726838A29A8}.AppStore|Any CPU.ActiveCfg = Release|Any CPU
		{D1512EE5-E7C4-47E6-A4F0-7726838A29A8}.AppStore|Any CPU.Build.0 = Release|Any CPU
		{D1512EE5-E7C4-47E6-A4F0-7726838A29A8}.AppStore|ARM.ActiveCfg = Release|Any CPU
		{D1512EE5-E7C4-47E6-A4F0-7726838A29A8}.AppStore|ARM.Build.0 = Release|Any CPU
		{D1512EE5-E7C4-47E6-A4F0-7726838A29A8}.AppStore|iPhone.ActiveCfg = Release|Any CPU
		{D1512EE5-E7C4-47E6-A4F0-7726838A29A8}.AppStore|iPhone.Build.0 = Release|Any CPU
		{D1512EE5-E7C4-47E6-A4F0-7726838A29A8}.AppStore|iPhoneSimulator.ActiveCfg = Release|Any CPU
		{D1512EE5-E7C4-47E6-A4F0-7726838A29A8}.AppStore|iPhoneSimulator.Build.0 = Release|Any CPU
		{D1512EE5-E7C4-47E6-A4F0-7726838A29A8}.AppStore|x64.ActiveCfg = Release|Any CPU
		{D1512EE5-E7C4-47E6-A4F0-7726838A29A8}.AppStore|x64.Build.0 = Release|Any CPU
		{D1512EE5-E7C4-47E6-A4F0-7726838A29A8}.AppStore|x86.ActiveCfg = Release|Any CPU
		{D1512EE5-E7C4-47E6-A4F0-7726838A29A8}.AppStore|x86.Build.0 = Release|Any CPU
		{D1512EE5-E7C4-47E6-A4F0-7726838A29A8}.Debug|Any CPU.ActiveCfg = Debug|Any CPU
		{D1512EE5-E7C4-47E6-A4F0-7726838A29A8}.Debug|Any CPU.Build.0 = Debug|Any CPU
		{D1512EE5-E7C4-47E6-A4F0-7726838A29A8}.Debug|ARM.ActiveCfg = Debug|Any CPU
		{D1512EE5-E7C4-47E6-A4F0-7726838A29A8}.Debug|ARM.Build.0 = Debug|Any CPU
		{D1512EE5-E7C4-47E6-A4F0-7726838A29A8}.Debug|iPhone.ActiveCfg = Debug|Any CPU
		{D1512EE5-E7C4-47E6-A4F0-7726838A29A8}.Debug|iPhone.Build.0 = Debug|Any CPU
		{D1512EE5-E7C4-47E6-A4F0-7726838A29A8}.Debug|iPhoneSimulator.ActiveCfg = Debug|Any CPU
		{D1512EE5-E7C4-47E6-A4F0-7726838A29A8}.Debug|iPhoneSimulator.Build.0 = Debug|Any CPU
		{D1512EE5-E7C4-47E6-A4F0-7726838A29A8}.Debug|x64.ActiveCfg = Debug|Any CPU
		{D1512EE5-E7C4-47E6-A4F0-7726838A29A8}.Debug|x64.Build.0 = Debug|Any CPU
		{D1512EE5-E7C4-47E6-A4F0-7726838A29A8}.Debug|x86.ActiveCfg = Debug|Any CPU
		{D1512EE5-E7C4-47E6-A4F0-7726838A29A8}.Debug|x86.Build.0 = Debug|Any CPU
		{D1512EE5-E7C4-47E6-A4F0-7726838A29A8}.Release|Any CPU.ActiveCfg = Release|Any CPU
		{D1512EE5-E7C4-47E6-A4F0-7726838A29A8}.Release|Any CPU.Build.0 = Release|Any CPU
		{D1512EE5-E7C4-47E6-A4F0-7726838A29A8}.Release|ARM.ActiveCfg = Release|Any CPU
		{D1512EE5-E7C4-47E6-A4F0-7726838A29A8}.Release|ARM.Build.0 = Release|Any CPU
		{D1512EE5-E7C4-47E6-A4F0-7726838A29A8}.Release|iPhone.ActiveCfg = Release|Any CPU
		{D1512EE5-E7C4-47E6-A4F0-7726838A29A8}.Release|iPhone.Build.0 = Release|Any CPU
		{D1512EE5-E7C4-47E6-A4F0-7726838A29A8}.Release|iPhoneSimulator.ActiveCfg = Release|Any CPU
		{D1512EE5-E7C4-47E6-A4F0-7726838A29A8}.Release|iPhoneSimulator.Build.0 = Release|Any CPU
		{D1512EE5-E7C4-47E6-A4F0-7726838A29A8}.Release|x64.ActiveCfg = Release|Any CPU
		{D1512EE5-E7C4-47E6-A4F0-7726838A29A8}.Release|x64.Build.0 = Release|Any CPU
		{D1512EE5-E7C4-47E6-A4F0-7726838A29A8}.Release|x86.ActiveCfg = Release|Any CPU
		{D1512EE5-E7C4-47E6-A4F0-7726838A29A8}.Release|x86.Build.0 = Release|Any CPU
	EndGlobalSection
	GlobalSection(SolutionProperties) = preSolution
		HideSolutionNode = FALSE
	EndGlobalSection
EndGlobal
